
Microsoft Visual Studio Solution File, Format Version 12.00
# Visual Studio Version 17
VisualStudioVersion = 17.5.002.0
MinimumVisualStudioVersion = 10.0.40219.1
Project("{9A19103F-16F7-4668-BE54-9A1E7A4F7556}") = "Shoko.Plugin.SampleWithSettingsRenamer", "Shoko.Plugin.SampleWithSettingsRenamer.csproj", "{8CD09FAC-A752-41FD-8F92-7DFFAED0759B}"
EndProject
Global
	GlobalSection(SolutionConfigurationPlatforms) = preSolution
		Debug|Any CPU = Debug|Any CPU
		Release|Any CPU = Release|Any CPU
	EndGlobalSection
	GlobalSection(ProjectConfigurationPlatforms) = postSolution
		{8CD09FAC-A752-41FD-8F92-7DFFAED0759B}.Debug|Any CPU.ActiveCfg = Debug|Any CPU
		{8CD09FAC-A752-41FD-8F92-7DFFAED0759B}.Debug|Any CPU.Build.0 = Debug|Any CPU
		{8CD09FAC-A752-41FD-8F92-7DFFAED0759B}.Release|Any CPU.ActiveCfg = Release|Any CPU
		{8CD09FAC-A752-41FD-8F92-7DFFAED0759B}.Release|Any CPU.Build.0 = Release|Any CPU
	EndGlobalSection
	GlobalSection(SolutionProperties) = preSolution
		HideSolutionNode = FALSE
	EndGlobalSection
	GlobalSection(ExtensibilityGlobals) = postSolution
		SolutionGuid = {E38525A4-41BB-46C0-8A92-5E157FFC5202}
	EndGlobalSection
EndGlobal
