
Microsoft Visual Studio Solution File, Format Version 12.00
# Visual Studio Version 17
VisualStudioVersion = 17.7.34031.279
MinimumVisualStudioVersion = 10.0.40219.1
Project("{FAE04EC0-301F-11D3-BF4B-00C04F79EFBC}") = "Shoko.Plugin.CulturedRenamer", "Shoko.Plugin.CulturedRenamer\Shoko.Plugin.CulturedRenamer.csproj", "{39C091A1-E0FB-459E-BDD1-E9C9C491F616}"
EndProject
Global
	GlobalSection(SolutionConfigurationPlatforms) = preSolution
		Debug|Any CPU = Debug|Any CPU
		Debug|x64 = Debug|x64
		Debug|x86 = Debug|x86
		Release|Any CPU = Release|Any CPU
		Release|x64 = Release|x64
		Release|x86 = Release|x86
	EndGlobalSection
	GlobalSection(ProjectConfigurationPlatforms) = postSolution
		{39C091A1-E0FB-459E-BDD1-E9C9C491F616}.Debug|Any CPU.ActiveCfg = Debug|Any CPU
		{39C091A1-E0FB-459E-BDD1-E9C9C491F616}.Debug|Any CPU.Build.0 = Debug|Any CPU
		{39C091A1-E0FB-459E-BDD1-E9C9C491F616}.Debug|x64.ActiveCfg = Debug|Any CPU
		{39C091A1-E0FB-459E-BDD1-E9C9C491F616}.Debug|x64.Build.0 = Debug|Any CPU
		{39C091A1-E0FB-459E-BDD1-E9C9C491F616}.Debug|x86.ActiveCfg = Debug|Any CPU
		{39C091A1-E0FB-459E-BDD1-E9C9C491F616}.Debug|x86.Build.0 = Debug|Any CPU
		{39C091A1-E0FB-459E-BDD1-E9C9C491F616}.Release|Any CPU.ActiveCfg = Release|Any CPU
		{39C091A1-E0FB-459E-BDD1-E9C9C491F616}.Release|Any CPU.Build.0 = Release|Any CPU
		{39C091A1-E0FB-459E-BDD1-E9C9C491F616}.Release|x64.ActiveCfg = Release|Any CPU
		{39C091A1-E0FB-459E-BDD1-E9C9C491F616}.Release|x64.Build.0 = Release|Any CPU
		{39C091A1-E0FB-459E-BDD1-E9C9C491F616}.Release|x86.ActiveCfg = Release|Any CPU
		{39C091A1-E0FB-459E-BDD1-E9C9C491F616}.Release|x86.Build.0 = Release|Any CPU
	EndGlobalSection
	GlobalSection(SolutionProperties) = preSolution
		HideSolutionNode = FALSE
	EndGlobalSection
	GlobalSection(ExtensibilityGlobals) = postSolution
		SolutionGuid = {17DC2416-8D00-48CF-96FD-8FD1DF1579F5}
	EndGlobalSection
EndGlobal
